
Microsoft Visual Studio Solution File, Format Version 12.00
# Visual Studio Version 17
VisualStudioVersion = 17.7.34009.444
MinimumVisualStudioVersion = 10.0.40219.1
Project("{FAE04EC0-301F-11D3-BF4B-00C04F79EFBC}") = "WinFormsApp7_3", "WinFormsApp7_3\WinFormsApp7_3.csproj", "{5EFBE9F9-7BEC-4ACA-ACA7-0A628C9E2886}"
EndProject
Global
	GlobalSection(SolutionConfigurationPlatforms) = preSolution
		Debug|Any CPU = Debug|Any CPU
		Release|Any CPU = Release|Any CPU
	EndGlobalSection
	GlobalSection(ProjectConfigurationPlatforms) = postSolution
		{5EFBE9F9-7BEC-4ACA-ACA7-0A628C9E2886}.Debug|Any CPU.ActiveCfg = Debug|Any CPU
		{5EFBE9F9-7BEC-4ACA-ACA7-0A628C9E2886}.Debug|Any CPU.Build.0 = Debug|Any CPU
		{5EFBE9F9-7BEC-4ACA-ACA7-0A628C9E2886}.Release|Any CPU.ActiveCfg = Release|Any CPU
		{5EFBE9F9-7BEC-4ACA-ACA7-0A628C9E2886}.Release|Any CPU.Build.0 = Release|Any CPU
	EndGlobalSection
	GlobalSection(SolutionProperties) = preSolution
		HideSolutionNode = FALSE
	EndGlobalSection
	GlobalSection(ExtensibilityGlobals) = postSolution
		SolutionGuid = {68199AF7-D4AC-499D-B407-FFD1B41E1CFE}
	EndGlobalSection
EndGlobal
